
Microsoft Visual Studio Solution File, Format Version 12.00
# Visual Studio Version 17
VisualStudioVersion = 17.5.002.0
MinimumVisualStudioVersion = 10.0.40219.1
Project("{9A19103F-16F7-4668-BE54-9A1E7A4F7556}") = "MyWebApp", "MyWebApp\MyWebApp.csproj", "{D7E59A25-C80B-43CA-9CCC-73E5146B0851}"
EndProject
Global
	GlobalSection(SolutionConfigurationPlatforms) = preSolution
		Debug|Any CPU = Debug|Any CPU
		Release|Any CPU = Release|Any CPU
	EndGlobalSection
	GlobalSection(ProjectConfigurationPlatforms) = postSolution
		{D7E59A25-C80B-43CA-9CCC-73E5146B0851}.Debug|Any CPU.ActiveCfg = Debug|Any CPU
		{D7E59A25-C80B-43CA-9CCC-73E5146B0851}.Debug|Any CPU.Build.0 = Debug|Any CPU
		{D7E59A25-C80B-43CA-9CCC-73E5146B0851}.Release|Any CPU.ActiveCfg = Release|Any CPU
		{D7E59A25-C80B-43CA-9CCC-73E5146B0851}.Release|Any CPU.Build.0 = Release|Any CPU
	EndGlobalSection
	GlobalSection(SolutionProperties) = preSolution
		HideSolutionNode = FALSE
	EndGlobalSection
	GlobalSection(ExtensibilityGlobals) = postSolution
		SolutionGuid = {473DEA23-7D19-4EA4-9790-E0E3D8CDEFF8}
	EndGlobalSection
EndGlobal
